
Microsoft Visual Studio Solution File, Format Version 12.00
# Visual Studio 15
VisualStudioVersion = 15.0.28306.52
MinimumVisualStudioVersion = 10.0.40219.1
Project("{FAE04EC0-301F-11D3-BF4B-00C04F79EFBC}") = "Sales.Android", "Sales\Sales.Android\Sales.Android.csproj", "{EA69BA8F-4E46-4177-9981-EF7744F52276}"
EndProject
Project("{FAE04EC0-301F-11D3-BF4B-00C04F79EFBC}") = "Sales.iOS", "Sales\Sales.iOS\Sales.iOS.csproj", "{FC1E2A60-2A2F-470F-9707-EB5CFB081282}"
EndProject
Project("{FAE04EC0-301F-11D3-BF4B-00C04F79EFBC}") = "Sales.UWP", "Sales\Sales.UWP\Sales.UWP.csproj", "{71667842-0EF0-4C05-9821-FFBA93BBC967}"
EndProject
Project("{FAE04EC0-301F-11D3-BF4B-00C04F79EFBC}") = "Sales", "Sales\Sales\Sales.csproj", "{AE2FF479-2E45-4F54-9EBA-E952C42E3438}"
EndProject
Project("{FAE04EC0-301F-11D3-BF4B-00C04F79EFBC}") = "Sales.Backend", "Sales.Backend\Sales.Backend.csproj", "{D8D0C68A-394C-4106-A0E8-033FD16B1050}"
EndProject
Project("{FAE04EC0-301F-11D3-BF4B-00C04F79EFBC}") = "Sales.APi", "Sales.APi\Sales.APi.csproj", "{EA886D45-5907-4B9E-A163-1F2565DCEA4D}"
EndProject
Project("{FAE04EC0-301F-11D3-BF4B-00C04F79EFBC}") = "Sales.Domain", "Sales.Domain\Sales.Domain.csproj", "{334EA2F6-3821-4D3F-91FE-FD95578B14D7}"
EndProject
Project("{FAE04EC0-301F-11D3-BF4B-00C04F79EFBC}") = "Sales.Common", "Sales.Common\Sales.Common.csproj", "{F0AAD3C1-6CB5-4C46-BEE2-2B69FB31AE5B}"
EndProject
Global
	GlobalSection(SolutionConfigurationPlatforms) = preSolution
		Ad-Hoc|Any CPU = Ad-Hoc|Any CPU
		Ad-Hoc|ARM = Ad-Hoc|ARM
		Ad-Hoc|iPhone = Ad-Hoc|iPhone
		Ad-Hoc|iPhoneSimulator = Ad-Hoc|iPhoneSimulator
		Ad-Hoc|x64 = Ad-Hoc|x64
		Ad-Hoc|x86 = Ad-Hoc|x86
		AppStore|Any CPU = AppStore|Any CPU
		AppStore|ARM = AppStore|ARM
		AppStore|iPhone = AppStore|iPhone
		AppStore|iPhoneSimulator = AppStore|iPhoneSimulator
		AppStore|x64 = AppStore|x64
		AppStore|x86 = AppStore|x86
		Debug|Any CPU = Debug|Any CPU
		Debug|ARM = Debug|ARM
		Debug|iPhone = Debug|iPhone
		Debug|iPhoneSimulator = Debug|iPhoneSimulator
		Debug|x64 = Debug|x64
		Debug|x86 = Debug|x86
		Release|Any CPU = Release|Any CPU
		Release|ARM = Release|ARM
		Release|iPhone = Release|iPhone
		Release|iPhoneSimulator = Release|iPhoneSimulator
		Release|x64 = Release|x64
		Release|x86 = Release|x86
	EndGlobalSection
	GlobalSection(ProjectConfigurationPlatforms) = postSolution
		{EA69BA8F-4E46-4177-9981-EF7744F52276}.Ad-Hoc|Any CPU.ActiveCfg = Release|Any CPU
		{EA69BA8F-4E46-4177-9981-EF7744F52276}.Ad-Hoc|Any CPU.Build.0 = Release|Any CPU
		{EA69BA8F-4E46-4177-9981-EF7744F52276}.Ad-Hoc|Any CPU.Deploy.0 = Release|Any CPU
		{EA69BA8F-4E46-4177-9981-EF7744F52276}.Ad-Hoc|ARM.ActiveCfg = Release|Any CPU
		{EA69BA8F-4E46-4177-9981-EF7744F52276}.Ad-Hoc|ARM.Build.0 = Release|Any CPU
		{EA69BA8F-4E46-4177-9981-EF7744F52276}.Ad-Hoc|ARM.Deploy.0 = Release|Any CPU
		{EA69BA8F-4E46-4177-9981-EF7744F52276}.Ad-Hoc|iPhone.ActiveCfg = Release|Any CPU
		{EA69BA8F-4E46-4177-9981-EF7744F52276}.Ad-Hoc|iPhone.Build.0 = Release|Any CPU
		{EA69BA8F-4E46-4177-9981-EF7744F52276}.Ad-Hoc|iPhone.Deploy.0 = Release|Any CPU
		{EA69BA8F-4E46-4177-9981-EF7744F52276}.Ad-Hoc|iPhoneSimulator.ActiveCfg = Release|Any CPU
		{EA69BA8F-4E46-4177-9981-EF7744F52276}.Ad-Hoc|iPhoneSimulator.Build.0 = Release|Any CPU
		{EA69BA8F-4E46-4177-9981-EF7744F52276}.Ad-Hoc|iPhoneSimulator.Deploy.0 = Release|Any CPU
		{EA69BA8F-4E46-4177-9981-EF7744F52276}.Ad-Hoc|x64.ActiveCfg = Release|Any CPU
		{EA69BA8F-4E46-4177-9981-EF7744F52276}.Ad-Hoc|x64.Build.0 = Release|Any CPU
		{EA69BA8F-4E46-4177-9981-EF7744F52276}.Ad-Hoc|x64.Deploy.0 = Release|Any CPU
		{EA69BA8F-4E46-4177-9981-EF7744F52276}.Ad-Hoc|x86.ActiveCfg = Release|Any CPU
		{EA69BA8F-4E46-4177-9981-EF7744F52276}.Ad-Hoc|x86.Build.0 = Release|Any CPU
		{EA69BA8F-4E46-4177-9981-EF7744F52276}.Ad-Hoc|x86.Deploy.0 = Release|Any CPU
		{EA69BA8F-4E46-4177-9981-EF7744F52276}.AppStore|Any CPU.ActiveCfg = Release|Any CPU
		{EA69BA8F-4E46-4177-9981-EF7744F52276}.AppStore|Any CPU.Build.0 = Release|Any CPU
		{EA69BA8F-4E46-4177-9981-EF7744F52276}.AppStore|Any CPU.Deploy.0 = Release|Any CPU
		{EA69BA8F-4E46-4177-9981-EF7744F52276}.AppStore|ARM.ActiveCfg = Release|Any CPU
		{EA69BA8F-4E46-4177-9981-EF7744F52276}.AppStore|ARM.Build.0 = Release|Any CPU
		{EA69BA8F-4E46-4177-9981-EF7744F52276}.AppStore|ARM.Deploy.0 = Release|Any CPU
		{EA69BA8F-4E46-4177-9981-EF7744F52276}.AppStore|iPhone.ActiveCfg = Release|Any CPU
		{EA69BA8F-4E46-4177-9981-EF7744F52276}.AppStore|iPhone.Build.0 = Release|Any CPU
		{EA69BA8F-4E46-4177-9981-EF7744F52276}.AppStore|iPhone.Deploy.0 = Release|Any CPU
		{EA69BA8F-4E46-4177-9981-EF7744F52276}.AppStore|iPhoneSimulator.ActiveCfg = Release|Any CPU
		{EA69BA8F-4E46-4177-9981-EF7744F52276}.AppStore|iPhoneSimulator.Build.0 = Release|Any CPU
		{EA69BA8F-4E46-4177-9981-EF7744F52276}.AppStore|iPhoneSimulator.Deploy.0 = Release|Any CPU
		{EA69BA8F-4E46-4177-9981-EF7744F52276}.AppStore|x64.ActiveCfg = Release|Any CPU
		{EA69BA8F-4E46-4177-9981-EF7744F52276}.AppStore|x64.Build.0 = Release|Any CPU
		{EA69BA8F-4E46-4177-9981-EF7744F52276}.AppStore|x64.Deploy.0 = Release|Any CPU
		{EA69BA8F-4E46-4177-9981-EF7744F52276}.AppStore|x86.ActiveCfg = Release|Any CPU
		{EA69BA8F-4E46-4177-9981-EF7744F52276}.AppStore|x86.Build.0 = Release|Any CPU
		{EA69BA8F-4E46-4177-9981-EF7744F52276}.AppStore|x86.Deploy.0 = Release|Any CPU
		{EA69BA8F-4E46-4177-9981-EF7744F52276}.Debug|Any CPU.ActiveCfg = Debug|Any CPU
		{EA69BA8F-4E46-4177-9981-EF7744F52276}.Debug|Any CPU.Build.0 = Debug|Any CPU
		{EA69BA8F-4E46-4177-9981-EF7744F52276}.Debug|Any CPU.Deploy.0 = Debug|Any CPU
		{EA69BA8F-4E46-4177-9981-EF7744F52276}.Debug|ARM.ActiveCfg = Debug|Any CPU
		{EA69BA8F-4E46-4177-9981-EF7744F52276}.Debug|ARM.Build.0 = Debug|Any CPU
		{EA69BA8F-4E46-4177-9981-EF7744F52276}.Debug|ARM.Deploy.0 = Debug|Any CPU
		{EA69BA8F-4E46-4177-9981-EF7744F52276}.Debug|iPhone.ActiveCfg = Debug|Any CPU
		{EA69BA8F-4E46-4177-9981-EF7744F52276}.Debug|iPhone.Build.0 = Debug|Any CPU
		{EA69BA8F-4E46-4177-9981-EF7744F52276}.Debug|iPhone.Deploy.0 = Debug|Any CPU
		{EA69BA8F-4E46-4177-9981-EF7744F52276}.Debug|iPhoneSimulator.ActiveCfg = Debug|Any CPU
		{EA69BA8F-4E46-4177-9981-EF7744F52276}.Debug|iPhoneSimulator.Build.0 = Debug|Any CPU
		{EA69BA8F-4E46-4177-9981-EF7744F52276}.Debug|iPhoneSimulator.Deploy.0 = Debug|Any CPU
		{EA69BA8F-4E46-4177-9981-EF7744F52276}.Debug|x64.ActiveCfg = Debug|Any CPU
		{EA69BA8F-4E46-4177-9981-EF7744F52276}.Debug|x64.Build.0 = Debug|Any CPU
		{EA69BA8F-4E46-4177-9981-EF7744F52276}.Debug|x64.Deploy.0 = Debug|Any CPU
		{EA69BA8F-4E46-4177-9981-EF7744F52276}.Debug|x86.ActiveCfg = Debug|Any CPU
		{EA69BA8F-4E46-4177-9981-EF7744F52276}.Debug|x86.Build.0 = Debug|Any CPU
		{EA69BA8F-4E46-4177-9981-EF7744F52276}.Debug|x86.Deploy.0 = Debug|Any CPU
		{EA69BA8F-4E46-4177-9981-EF7744F52276}.Release|Any CPU.ActiveCfg = Release|Any CPU
		{EA69BA8F-4E46-4177-9981-EF7744F52276}.Release|Any CPU.Build.0 = Release|Any CPU
		{EA69BA8F-4E46-4177-9981-EF7744F52276}.Release|Any CPU.Deploy.0 = Release|Any CPU
		{EA69BA8F-4E46-4177-9981-EF7744F52276}.Release|ARM.ActiveCfg = Release|Any CPU
		{EA69BA8F-4E46-4177-9981-EF7744F52276}.Release|ARM.Build.0 = Release|Any CPU
		{EA69BA8F-4E46-4177-9981-EF7744F52276}.Release|ARM.Deploy.0 = Release|Any CPU
		{EA69BA8F-4E46-4177-9981-EF7744F52276}.Release|iPhone.ActiveCfg = Release|Any CPU
		{EA69BA8F-4E46-4177-9981-EF7744F52276}.Release|iPhone.Build.0 = Release|Any CPU
		{EA69BA8F-4E46-4177-9981-EF7744F52276}.Release|iPhone.Deploy.0 = Release|Any CPU
		{EA69BA8F-4E46-4177-9981-EF7744F52276}.Release|iPhoneSimulator.ActiveCfg = Release|Any CPU
		{EA69BA8F-4E46-4177-9981-EF7744F52276}.Release|iPhoneSimulator.Build.0 = Release|Any CPU
		{EA69BA8F-4E46-4177-9981-EF7744F52276}.Release|iPhoneSimulator.Deploy.0 = Release|Any CPU
		{EA69BA8F-4E46-4177-9981-EF7744F52276}.Release|x64.ActiveCfg = Release|Any CPU
		{EA69BA8F-4E46-4177-9981-EF7744F52276}.Release|x64.Build.0 = Release|Any CPU
		{EA69BA8F-4E46-4177-9981-EF7744F52276}.Release|x64.Deploy.0 = Release|Any CPU
		{EA69BA8F-4E46-4177-9981-EF7744F52276}.Release|x86.ActiveCfg = Release|Any CPU
		{EA69BA8F-4E46-4177-9981-EF7744F52276}.Release|x86.Build.0 = Release|Any CPU
		{EA69BA8F-4E46-4177-9981-EF7744F52276}.Release|x86.Deploy.0 = Release|Any CPU
		{FC1E2A60-2A2F-470F-9707-EB5CFB081282}.Ad-Hoc|Any CPU.ActiveCfg = Ad-Hoc|iPhone
		{FC1E2A60-2A2F-470F-9707-EB5CFB081282}.Ad-Hoc|Any CPU.Build.0 = Ad-Hoc|iPhone
		{FC1E2A60-2A2F-470F-9707-EB5CFB081282}.Ad-Hoc|Any CPU.Deploy.0 = Ad-Hoc|iPhone
		{FC1E2A60-2A2F-470F-9707-EB5CFB081282}.Ad-Hoc|ARM.ActiveCfg = Ad-Hoc|iPhone
		{FC1E2A60-2A2F-470F-9707-EB5CFB081282}.Ad-Hoc|ARM.Build.0 = Ad-Hoc|iPhone
		{FC1E2A60-2A2F-470F-9707-EB5CFB081282}.Ad-Hoc|ARM.Deploy.0 = Ad-Hoc|iPhone
		{FC1E2A60-2A2F-470F-9707-EB5CFB081282}.Ad-Hoc|iPhone.ActiveCfg = Ad-Hoc|iPhone
		{FC1E2A60-2A2F-470F-9707-EB5CFB081282}.Ad-Hoc|iPhone.Build.0 = Ad-Hoc|iPhone
		{FC1E2A60-2A2F-470F-9707-EB5CFB081282}.Ad-Hoc|iPhone.Deploy.0 = Ad-Hoc|iPhone
		{FC1E2A60-2A2F-470F-9707-EB5CFB081282}.Ad-Hoc|iPhoneSimulator.ActiveCfg = Ad-Hoc|iPhoneSimulator
		{FC1E2A60-2A2F-470F-9707-EB5CFB081282}.Ad-Hoc|iPhoneSimulator.Build.0 = Ad-Hoc|iPhoneSimulator
		{FC1E2A60-2A2F-470F-9707-EB5CFB081282}.Ad-Hoc|iPhoneSimulator.Deploy.0 = Ad-Hoc|iPhoneSimulator
		{FC1E2A60-2A2F-470F-9707-EB5CFB081282}.Ad-Hoc|x64.ActiveCfg = Ad-Hoc|iPhone
		{FC1E2A60-2A2F-470F-9707-EB5CFB081282}.Ad-Hoc|x64.Build.0 = Ad-Hoc|iPhone
		{FC1E2A60-2A2F-470F-9707-EB5CFB081282}.Ad-Hoc|x64.Deploy.0 = Ad-Hoc|iPhone
		{FC1E2A60-2A2F-470F-9707-EB5CFB081282}.Ad-Hoc|x86.ActiveCfg = Ad-Hoc|iPhone
		{FC1E2A60-2A2F-470F-9707-EB5CFB081282}.Ad-Hoc|x86.Build.0 = Ad-Hoc|iPhone
		{FC1E2A60-2A2F-470F-9707-EB5CFB081282}.Ad-Hoc|x86.Deploy.0 = Ad-Hoc|iPhone
		{FC1E2A60-2A2F-470F-9707-EB5CFB081282}.AppStore|Any CPU.ActiveCfg = AppStore|iPhone
		{FC1E2A60-2A2F-470F-9707-EB5CFB081282}.AppStore|Any CPU.Build.0 = AppStore|iPhone
		{FC1E2A60-2A2F-470F-9707-EB5CFB081282}.AppStore|Any CPU.Deploy.0 = AppStore|iPhone
		{FC1E2A60-2A2F-470F-9707-EB5CFB081282}.AppStore|ARM.ActiveCfg = AppStore|iPhone
		{FC1E2A60-2A2F-470F-9707-EB5CFB081282}.AppStore|ARM.Build.0 = AppStore|iPhone
		{FC1E2A60-2A2F-470F-9707-EB5CFB081282}.AppStore|ARM.Deploy.0 = AppStore|iPhone
		{FC1E2A60-2A2F-470F-9707-EB5CFB081282}.AppStore|iPhone.ActiveCfg = AppStore|iPhone
		{FC1E2A60-2A2F-470F-9707-EB5CFB081282}.AppStore|iPhone.Build.0 = AppStore|iPhone
		{FC1E2A60-2A2F-470F-9707-EB5CFB081282}.AppStore|iPhone.Deploy.0 = AppStore|iPhone
		{FC1E2A60-2A2F-470F-9707-EB5CFB081282}.AppStore|iPhoneSimulator.ActiveCfg = AppStore|iPhoneSimulator
		{FC1E2A60-2A2F-470F-9707-EB5CFB081282}.AppStore|iPhoneSimulator.Build.0 = AppStore|iPhoneSimulator
		{FC1E2A60-2A2F-470F-9707-EB5CFB081282}.AppStore|iPhoneSimulator.Deploy.0 = AppStore|iPhoneSimulator
		{FC1E2A60-2A2F-470F-9707-EB5CFB081282}.AppStore|x64.ActiveCfg = AppStore|iPhone
		{FC1E2A60-2A2F-470F-9707-EB5CFB081282}.AppStore|x64.Build.0 = AppStore|iPhone
		{FC1E2A60-2A2F-470F-9707-EB5CFB081282}.AppStore|x64.Deploy.0 = AppStore|iPhone
		{FC1E2A60-2A2F-470F-9707-EB5CFB081282}.AppStore|x86.ActiveCfg = AppStore|iPhone
		{FC1E2A60-2A2F-470F-9707-EB5CFB081282}.AppStore|x86.Build.0 = AppStore|iPhone
		{FC1E2A60-2A2F-470F-9707-EB5CFB081282}.AppStore|x86.Deploy.0 = AppStore|iPhone
		{FC1E2A60-2A2F-470F-9707-EB5CFB081282}.Debug|Any CPU.ActiveCfg = Debug|iPhoneSimulator
		{FC1E2A60-2A2F-470F-9707-EB5CFB081282}.Debug|Any CPU.Build.0 = Debug|iPhoneSimulator
		{FC1E2A60-2A2F-470F-9707-EB5CFB081282}.Debug|Any CPU.Deploy.0 = Debug|iPhoneSimulator
		{FC1E2A60-2A2F-470F-9707-EB5CFB081282}.Debug|ARM.ActiveCfg = Debug|iPhone
		{FC1E2A60-2A2F-470F-9707-EB5CFB081282}.Debug|ARM.Build.0 = Debug|iPhone
		{FC1E2A60-2A2F-470F-9707-EB5CFB081282}.Debug|ARM.Deploy.0 = Debug|iPhone
		{FC1E2A60-2A2F-470F-9707-EB5CFB081282}.Debug|iPhone.ActiveCfg = Debug|iPhone
		{FC1E2A60-2A2F-470F-9707-EB5CFB081282}.Debug|iPhone.Build.0 = Debug|iPhone
		{FC1E2A60-2A2F-470F-9707-EB5CFB081282}.Debug|iPhone.Deploy.0 = Debug|iPhone
		{FC1E2A60-2A2F-470F-9707-EB5CFB081282}.Debug|iPhoneSimulator.ActiveCfg = Debug|iPhoneSimulator
		{FC1E2A60-2A2F-470F-9707-EB5CFB081282}.Debug|iPhoneSimulator.Build.0 = Debug|iPhoneSimulator
		{FC1E2A60-2A2F-470F-9707-EB5CFB081282}.Debug|iPhoneSimulator.Deploy.0 = Debug|iPhoneSimulator
		{FC1E2A60-2A2F-470F-9707-EB5CFB081282}.Debug|x64.ActiveCfg = Debug|iPhone
		{FC1E2A60-2A2F-470F-9707-EB5CFB081282}.Debug|x64.Build.0 = Debug|iPhone
		{FC1E2A60-2A2F-470F-9707-EB5CFB081282}.Debug|x64.Deploy.0 = Debug|iPhone
		{FC1E2A60-2A2F-470F-9707-EB5CFB081282}.Debug|x86.ActiveCfg = Debug|iPhone
		{FC1E2A60-2A2F-470F-9707-EB5CFB081282}.Debug|x86.Build.0 = Debug|iPhone
		{FC1E2A60-2A2F-470F-9707-EB5CFB081282}.Debug|x86.Deploy.0 = Debug|iPhone
		{FC1E2A60-2A2F-470F-9707-EB5CFB081282}.Release|Any CPU.ActiveCfg = Release|iPhone
		{FC1E2A60-2A2F-470F-9707-EB5CFB081282}.Release|Any CPU.Build.0 = Release|iPhone
		{FC1E2A60-2A2F-470F-9707-EB5CFB081282}.Release|Any CPU.Deploy.0 = Release|iPhone
		{FC1E2A60-2A2F-470F-9707-EB5CFB081282}.Release|ARM.ActiveCfg = Release|iPhone
		{FC1E2A60-2A2F-470F-9707-EB5CFB081282}.Release|ARM.Build.0 = Release|iPhone
		{FC1E2A60-2A2F-470F-9707-EB5CFB081282}.Release|ARM.Deploy.0 = Release|iPhone
		{FC1E2A60-2A2F-470F-9707-EB5CFB081282}.Release|iPhone.ActiveCfg = Release|iPhone
		{FC1E2A60-2A2F-470F-9707-EB5CFB081282}.Release|iPhone.Build.0 = Release|iPhone
		{FC1E2A60-2A2F-470F-9707-EB5CFB081282}.Release|iPhone.Deploy.0 = Release|iPhone
		{FC1E2A60-2A2F-470F-9707-EB5CFB081282}.Release|iPhoneSimulator.ActiveCfg = Release|iPhoneSimulator
		{FC1E2A60-2A2F-470F-9707-EB5CFB081282}.Release|iPhoneSimulator.Build.0 = Release|iPhoneSimulator
		{FC1E2A60-2A2F-470F-9707-EB5CFB081282}.Release|iPhoneSimulator.Deploy.0 = Release|iPhoneSimulator
		{FC1E2A60-2A2F-470F-9707-EB5CFB081282}.Release|x64.ActiveCfg = Release|iPhone
		{FC1E2A60-2A2F-470F-9707-EB5CFB081282}.Release|x64.Build.0 = Release|iPhone
		{FC1E2A60-2A2F-470F-9707-EB5CFB081282}.Release|x64.Deploy.0 = Release|iPhone
		{FC1E2A60-2A2F-470F-9707-EB5CFB081282}.Release|x86.ActiveCfg = Release|iPhone
		{FC1E2A60-2A2F-470F-9707-EB5CFB081282}.Release|x86.Build.0 = Release|iPhone
		{FC1E2A60-2A2F-470F-9707-EB5CFB081282}.Release|x86.Deploy.0 = Release|iPhone
		{71667842-0EF0-4C05-9821-FFBA93BBC967}.Ad-Hoc|Any CPU.ActiveCfg = Release|x86
		{71667842-0EF0-4C05-9821-FFBA93BBC967}.Ad-Hoc|Any CPU.Build.0 = Release|x86
		{71667842-0EF0-4C05-9821-FFBA93BBC967}.Ad-Hoc|Any CPU.Deploy.0 = Release|x86
		{71667842-0EF0-4C05-9821-FFBA93BBC967}.Ad-Hoc|ARM.ActiveCfg = Release|ARM
		{71667842-0EF0-4C05-9821-FFBA93BBC967}.Ad-Hoc|ARM.Build.0 = Release|ARM
		{71667842-0EF0-4C05-9821-FFBA93BBC967}.Ad-Hoc|ARM.Deploy.0 = Release|ARM
		{71667842-0EF0-4C05-9821-FFBA93BBC967}.Ad-Hoc|iPhone.ActiveCfg = Release|x86
		{71667842-0EF0-4C05-9821-FFBA93BBC967}.Ad-Hoc|iPhone.Build.0 = Release|x86
		{71667842-0EF0-4C05-9821-FFBA93BBC967}.Ad-Hoc|iPhone.Deploy.0 = Release|x86
		{71667842-0EF0-4C05-9821-FFBA93BBC967}.Ad-Hoc|iPhoneSimulator.ActiveCfg = Release|x86
		{71667842-0EF0-4C05-9821-FFBA93BBC967}.Ad-Hoc|iPhoneSimulator.Build.0 = Release|x86
		{71667842-0EF0-4C05-9821-FFBA93BBC967}.Ad-Hoc|iPhoneSimulator.Deploy.0 = Release|x86
		{71667842-0EF0-4C05-9821-FFBA93BBC967}.Ad-Hoc|x64.ActiveCfg = Release|x64
		{71667842-0EF0-4C05-9821-FFBA93BBC967}.Ad-Hoc|x64.Build.0 = Release|x64
		{71667842-0EF0-4C05-9821-FFBA93BBC967}.Ad-Hoc|x64.Deploy.0 = Release|x64
		{71667842-0EF0-4C05-9821-FFBA93BBC967}.Ad-Hoc|x86.ActiveCfg = Release|x86
		{71667842-0EF0-4C05-9821-FFBA93BBC967}.Ad-Hoc|x86.Build.0 = Release|x86
		{71667842-0EF0-4C05-9821-FFBA93BBC967}.Ad-Hoc|x86.Deploy.0 = Release|x86
		{71667842-0EF0-4C05-9821-FFBA93BBC967}.AppStore|Any CPU.ActiveCfg = Release|x86
		{71667842-0EF0-4C05-9821-FFBA93BBC967}.AppStore|Any CPU.Build.0 = Release|x86
		{71667842-0EF0-4C05-9821-FFBA93BBC967}.AppStore|Any CPU.Deploy.0 = Release|x86
		{71667842-0EF0-4C05-9821-FFBA93BBC967}.AppStore|ARM.ActiveCfg = Release|ARM
		{71667842-0EF0-4C05-9821-FFBA93BBC967}.AppStore|ARM.Build.0 = Release|ARM
		{71667842-0EF0-4C05-9821-FFBA93BBC967}.AppStore|ARM.Deploy.0 = Release|ARM
		{71667842-0EF0-4C05-9821-FFBA93BBC967}.AppStore|iPhone.ActiveCfg = Release|x86
		{71667842-0EF0-4C05-9821-FFBA93BBC967}.AppStore|iPhone.Build.0 = Release|x86
		{71667842-0EF0-4C05-9821-FFBA93BBC967}.AppStore|iPhone.Deploy.0 = Release|x86
		{71667842-0EF0-4C05-9821-FFBA93BBC967}.AppStore|iPhoneSimulator.ActiveCfg = Release|x86
		{71667842-0EF0-4C05-9821-FFBA93BBC967}.AppStore|iPhoneSimulator.Build.0 = Release|x86
		{71667842-0EF0-4C05-9821-FFBA93BBC967}.AppStore|iPhoneSimulator.Deploy.0 = Release|x86
		{71667842-0EF0-4C05-9821-FFBA93BBC967}.AppStore|x64.ActiveCfg = Release|x64
		{71667842-0EF0-4C05-9821-FFBA93BBC967}.AppStore|x64.Build.0 = Release|x64
		{71667842-0EF0-4C05-9821-FFBA93BBC967}.AppStore|x64.Deploy.0 = Release|x64
		{71667842-0EF0-4C05-9821-FFBA93BBC967}.AppStore|x86.ActiveCfg = Release|x86
		{71667842-0EF0-4C05-9821-FFBA93BBC967}.AppStore|x86.Build.0 = Release|x86
		{71667842-0EF0-4C05-9821-FFBA93BBC967}.AppStore|x86.Deploy.0 = Release|x86
		{71667842-0EF0-4C05-9821-FFBA93BBC967}.Debug|Any CPU.ActiveCfg = Debug|x86
		{71667842-0EF0-4C05-9821-FFBA93BBC967}.Debug|Any CPU.Build.0 = Debug|x86
		{71667842-0EF0-4C05-9821-FFBA93BBC967}.Debug|Any CPU.Deploy.0 = Debug|x86
		{71667842-0EF0-4C05-9821-FFBA93BBC967}.Debug|ARM.ActiveCfg = Debug|ARM
		{71667842-0EF0-4C05-9821-FFBA93BBC967}.Debug|ARM.Build.0 = Debug|ARM
		{71667842-0EF0-4C05-9821-FFBA93BBC967}.Debug|ARM.Deploy.0 = Debug|ARM
		{71667842-0EF0-4C05-9821-FFBA93BBC967}.Debug|iPhone.ActiveCfg = Debug|x86
		{71667842-0EF0-4C05-9821-FFBA93BBC967}.Debug|iPhone.Build.0 = Debug|x86
		{71667842-0EF0-4C05-9821-FFBA93BBC967}.Debug|iPhone.Deploy.0 = Debug|x86
		{71667842-0EF0-4C05-9821-FFBA93BBC967}.Debug|iPhoneSimulator.ActiveCfg = Debug|x86
		{71667842-0EF0-4C05-9821-FFBA93BBC967}.Debug|iPhoneSimulator.Build.0 = Debug|x86
		{71667842-0EF0-4C05-9821-FFBA93BBC967}.Debug|iPhoneSimulator.Deploy.0 = Debug|x86
		{71667842-0EF0-4C05-9821-FFBA93BBC967}.Debug|x64.ActiveCfg = Debug|x64
		{71667842-0EF0-4C05-9821-FFBA93BBC967}.Debug|x64.Build.0 = Debug|x64
		{71667842-0EF0-4C05-9821-FFBA93BBC967}.Debug|x64.Deploy.0 = Debug|x64
		{71667842-0EF0-4C05-9821-FFBA93BBC967}.Debug|x86.ActiveCfg = Debug|x86
		{71667842-0EF0-4C05-9821-FFBA93BBC967}.Debug|x86.Build.0 = Debug|x86
		{71667842-0EF0-4C05-9821-FFBA93BBC967}.Debug|x86.Deploy.0 = Debug|x86
		{71667842-0EF0-4C05-9821-FFBA93BBC967}.Release|Any CPU.ActiveCfg = Release|x86
		{71667842-0EF0-4C05-9821-FFBA93BBC967}.Release|Any CPU.Build.0 = Release|x86
		{71667842-0EF0-4C05-9821-FFBA93BBC967}.Release|Any CPU.Deploy.0 = Release|x86
		{71667842-0EF0-4C05-9821-FFBA93BBC967}.Release|ARM.ActiveCfg = Release|ARM
		{71667842-0EF0-4C05-9821-FFBA93BBC967}.Release|ARM.Build.0 = Release|ARM
		{71667842-0EF0-4C05-9821-FFBA93BBC967}.Release|ARM.Deploy.0 = Release|ARM
		{71667842-0EF0-4C05-9821-FFBA93BBC967}.Release|iPhone.ActiveCfg = Release|x86
		{71667842-0EF0-4C05-9821-FFBA93BBC967}.Release|iPhone.Build.0 = Release|x86
		{71667842-0EF0-4C05-9821-FFBA93BBC967}.Release|iPhone.Deploy.0 = Release|x86
		{71667842-0EF0-4C05-9821-FFBA93BBC967}.Release|iPhoneSimulator.ActiveCfg = Release|x86
		{71667842-0EF0-4C05-9821-FFBA93BBC967}.Release|iPhoneSimulator.Build.0 = Release|x86
		{71667842-0EF0-4C05-9821-FFBA93BBC967}.Release|iPhoneSimulator.Deploy.0 = Release|x86
		{71667842-0EF0-4C05-9821-FFBA93BBC967}.Release|x64.ActiveCfg = Release|x64
		{71667842-0EF0-4C05-9821-FFBA93BBC967}.Release|x64.Build.0 = Release|x64
		{71667842-0EF0-4C05-9821-FFBA93BBC967}.Release|x64.Deploy.0 = Release|x64
		{71667842-0EF0-4C05-9821-FFBA93BBC967}.Release|x86.ActiveCfg = Release|x86
		{71667842-0EF0-4C05-9821-FFBA93BBC967}.Release|x86.Build.0 = Release|x86
		{71667842-0EF0-4C05-9821-FFBA93BBC967}.Release|x86.Deploy.0 = Release|x86
		{AE2FF479-2E45-4F54-9EBA-E952C42E3438}.Ad-Hoc|Any CPU.ActiveCfg = Debug|Any CPU
		{AE2FF479-2E45-4F54-9EBA-E952C42E3438}.Ad-Hoc|Any CPU.Build.0 = Debug|Any CPU
		{AE2FF479-2E45-4F54-9EBA-E952C42E3438}.Ad-Hoc|Any CPU.Deploy.0 = Debug|Any CPU
		{AE2FF479-2E45-4F54-9EBA-E952C42E3438}.Ad-Hoc|ARM.ActiveCfg = Debug|Any CPU
		{AE2FF479-2E45-4F54-9EBA-E952C42E3438}.Ad-Hoc|ARM.Build.0 = Debug|Any CPU
		{AE2FF479-2E45-4F54-9EBA-E952C42E3438}.Ad-Hoc|ARM.Deploy.0 = Debug|Any CPU
		{AE2FF479-2E45-4F54-9EBA-E952C42E3438}.Ad-Hoc|iPhone.ActiveCfg = Debug|Any CPU
		{AE2FF479-2E45-4F54-9EBA-E952C42E3438}.Ad-Hoc|iPhone.Build.0 = Debug|Any CPU
		{AE2FF479-2E45-4F54-9EBA-E952C42E3438}.Ad-Hoc|iPhone.Deploy.0 = Debug|Any CPU
		{AE2FF479-2E45-4F54-9EBA-E952C42E3438}.Ad-Hoc|iPhoneSimulator.ActiveCfg = Debug|Any CPU
		{AE2FF479-2E45-4F54-9EBA-E952C42E3438}.Ad-Hoc|iPhoneSimulator.Build.0 = Debug|Any CPU
		{AE2FF479-2E45-4F54-9EBA-E952C42E3438}.Ad-Hoc|iPhoneSimulator.Deploy.0 = Debug|Any CPU
		{AE2FF479-2E45-4F54-9EBA-E952C42E3438}.Ad-Hoc|x64.ActiveCfg = Debug|Any CPU
		{AE2FF479-2E45-4F54-9EBA-E952C42E3438}.Ad-Hoc|x64.Build.0 = Debug|Any CPU
		{AE2FF479-2E45-4F54-9EBA-E952C42E3438}.Ad-Hoc|x64.Deploy.0 = Debug|Any CPU
		{AE2FF479-2E45-4F54-9EBA-E952C42E3438}.Ad-Hoc|x86.ActiveCfg = Debug|Any CPU
		{AE2FF479-2E45-4F54-9EBA-E952C42E3438}.Ad-Hoc|x86.Build.0 = Debug|Any CPU
		{AE2FF479-2E45-4F54-9EBA-E952C42E3438}.Ad-Hoc|x86.Deploy.0 = Debug|Any CPU
		{AE2FF479-2E45-4F54-9EBA-E952C42E3438}.AppStore|Any CPU.ActiveCfg = Debug|Any CPU
		{AE2FF479-2E45-4F54-9EBA-E952C42E3438}.AppStore|Any CPU.Build.0 = Debug|Any CPU
		{AE2FF479-2E45-4F54-9EBA-E952C42E3438}.AppStore|Any CPU.Deploy.0 = Debug|Any CPU
		{AE2FF479-2E45-4F54-9EBA-E952C42E3438}.AppStore|ARM.ActiveCfg = Debug|Any CPU
		{AE2FF479-2E45-4F54-9EBA-E952C42E3438}.AppStore|ARM.Build.0 = Debug|Any CPU
		{AE2FF479-2E45-4F54-9EBA-E952C42E3438}.AppStore|ARM.Deploy.0 = Debug|Any CPU
		{AE2FF479-2E45-4F54-9EBA-E952C42E3438}.AppStore|iPhone.ActiveCfg = Debug|Any CPU
		{AE2FF479-2E45-4F54-9EBA-E952C42E3438}.AppStore|iPhone.Build.0 = Debug|Any CPU
		{AE2FF479-2E45-4F54-9EBA-E952C42E3438}.AppStore|iPhone.Deploy.0 = Debug|Any CPU
		{AE2FF479-2E45-4F54-9EBA-E952C42E3438}.AppStore|iPhoneSimulator.ActiveCfg = Debug|Any CPU
		{AE2FF479-2E45-4F54-9EBA-E952C42E3438}.AppStore|iPhoneSimulator.Build.0 = Debug|Any CPU
		{AE2FF479-2E45-4F54-9EBA-E952C42E3438}.AppStore|iPhoneSimulator.Deploy.0 = Debug|Any CPU
		{AE2FF479-2E45-4F54-9EBA-E952C42E3438}.AppStore|x64.ActiveCfg = Debug|Any CPU
		{AE2FF479-2E45-4F54-9EBA-E952C42E3438}.AppStore|x64.Build.0 = Debug|Any CPU
		{AE2FF479-2E45-4F54-9EBA-E952C42E3438}.AppStore|x64.Deploy.0 = Debug|Any CPU
		{AE2FF479-2E45-4F54-9EBA-E952C42E3438}.AppStore|x86.ActiveCfg = Debug|Any CPU
		{AE2FF479-2E45-4F54-9EBA-E952C42E3438}.AppStore|x86.Build.0 = Debug|Any CPU
		{AE2FF479-2E45-4F54-9EBA-E952C42E3438}.AppStore|x86.Deploy.0 = Debug|Any CPU
		{AE2FF479-2E45-4F54-9EBA-E952C42E3438}.Debug|Any CPU.ActiveCfg = Debug|Any CPU
		{AE2FF479-2E45-4F54-9EBA-E952C42E3438}.Debug|Any CPU.Build.0 = Debug|Any CPU
		{AE2FF479-2E45-4F54-9EBA-E952C42E3438}.Debug|Any CPU.Deploy.0 = Debug|Any CPU
		{AE2FF479-2E45-4F54-9EBA-E952C42E3438}.Debug|ARM.ActiveCfg = Debug|Any CPU
		{AE2FF479-2E45-4F54-9EBA-E952C42E3438}.Debug|ARM.Build.0 = Debug|Any CPU
		{AE2FF479-2E45-4F54-9EBA-E952C42E3438}.Debug|ARM.Deploy.0 = Debug|Any CPU
		{AE2FF479-2E45-4F54-9EBA-E952C42E3438}.Debug|iPhone.ActiveCfg = Debug|Any CPU
		{AE2FF479-2E45-4F54-9EBA-E952C42E3438}.Debug|iPhone.Build.0 = Debug|Any CPU
		{AE2FF479-2E45-4F54-9EBA-E952C42E3438}.Debug|iPhone.Deploy.0 = Debug|Any CPU
		{AE2FF479-2E45-4F54-9EBA-E952C42E3438}.Debug|iPhoneSimulator.ActiveCfg = Debug|Any CPU
		{AE2FF479-2E45-4F54-9EBA-E952C42E3438}.Debug|iPhoneSimulator.Build.0 = Debug|Any CPU
		{AE2FF479-2E45-4F54-9EBA-E952C42E3438}.Debug|iPhoneSimulator.Deploy.0 = Debug|Any CPU
		{AE2FF479-2E45-4F54-9EBA-E952C42E3438}.Debug|x64.ActiveCfg = Debug|Any CPU
		{AE2FF479-2E45-4F54-9EBA-E952C42E3438}.Debug|x64.Build.0 = Debug|Any CPU
		{AE2FF479-2E45-4F54-9EBA-E952C42E3438}.Debug|x64.Deploy.0 = Debug|Any CPU
		{AE2FF479-2E45-4F54-9EBA-E952C42E3438}.Debug|x86.ActiveCfg = Debug|Any CPU
		{AE2FF479-2E45-4F54-9EBA-E952C42E3438}.Debug|x86.Build.0 = Debug|Any CPU
		{AE2FF479-2E45-4F54-9EBA-E952C42E3438}.Debug|x86.Deploy.0 = Debug|Any CPU
		{AE2FF479-2E45-4F54-9EBA-E952C42E3438}.Release|Any CPU.ActiveCfg = Release|Any CPU
		{AE2FF479-2E45-4F54-9EBA-E952C42E3438}.Release|Any CPU.Build.0 = Release|Any CPU
		{AE2FF479-2E45-4F54-9EBA-E952C42E3438}.Release|Any CPU.Deploy.0 = Release|Any CPU
		{AE2FF479-2E45-4F54-9EBA-E952C42E3438}.Release|ARM.ActiveCfg = Release|Any CPU
		{AE2FF479-2E45-4F54-9EBA-E952C42E3438}.Release|ARM.Build.0 = Release|Any CPU
		{AE2FF479-2E45-4F54-9EBA-E952C42E3438}.Release|ARM.Deploy.0 = Release|Any CPU
		{AE2FF479-2E45-4F54-9EBA-E952C42E3438}.Release|iPhone.ActiveCfg = Release|Any CPU
		{AE2FF479-2E45-4F54-9EBA-E952C42E3438}.Release|iPhone.Build.0 = Release|Any CPU
		{AE2FF479-2E45-4F54-9EBA-E952C42E3438}.Release|iPhone.Deploy.0 = Release|Any CPU
		{AE2FF479-2E45-4F54-9EBA-E952C42E3438}.Release|iPhoneSimulator.ActiveCfg = Release|Any CPU
		{AE2FF479-2E45-4F54-9EBA-E952C42E3438}.Release|iPhoneSimulator.Build.0 = Release|Any CPU
		{AE2FF479-2E45-4F54-9EBA-E952C42E3438}.Release|iPhoneSimulator.Deploy.0 = Release|Any CPU
		{AE2FF479-2E45-4F54-9EBA-E952C42E3438}.Release|x64.ActiveCfg = Release|Any CPU
		{AE2FF479-2E45-4F54-9EBA-E952C42E3438}.Release|x64.Build.0 = Release|Any CPU
		{AE2FF479-2E45-4F54-9EBA-E952C42E3438}.Release|x64.Deploy.0 = Release|Any CPU
		{AE2FF479-2E45-4F54-9EBA-E952C42E3438}.Release|x86.ActiveCfg = Release|Any CPU
		{AE2FF479-2E45-4F54-9EBA-E952C42E3438}.Release|x86.Build.0 = Release|Any CPU
		{AE2FF479-2E45-4F54-9EBA-E952C42E3438}.Release|x86.Deploy.0 = Release|Any CPU
		{D8D0C68A-394C-4106-A0E8-033FD16B1050}.Ad-Hoc|Any CPU.ActiveCfg = Release|Any CPU
		{D8D0C68A-394C-4106-A0E8-033FD16B1050}.Ad-Hoc|Any CPU.Build.0 = Release|Any CPU
		{D8D0C68A-394C-4106-A0E8-033FD16B1050}.Ad-Hoc|ARM.ActiveCfg = Release|Any CPU
		{D8D0C68A-394C-4106-A0E8-033FD16B1050}.Ad-Hoc|ARM.Build.0 = Release|Any CPU
		{D8D0C68A-394C-4106-A0E8-033FD16B1050}.Ad-Hoc|iPhone.ActiveCfg = Release|Any CPU
		{D8D0C68A-394C-4106-A0E8-033FD16B1050}.Ad-Hoc|iPhone.Build.0 = Release|Any CPU
		{D8D0C68A-394C-4106-A0E8-033FD16B1050}.Ad-Hoc|iPhoneSimulator.ActiveCfg = Release|Any CPU
		{D8D0C68A-394C-4106-A0E8-033FD16B1050}.Ad-Hoc|iPhoneSimulator.Build.0 = Release|Any CPU
		{D8D0C68A-394C-4106-A0E8-033FD16B1050}.Ad-Hoc|x64.ActiveCfg = Release|Any CPU
		{D8D0C68A-394C-4106-A0E8-033FD16B1050}.Ad-Hoc|x64.Build.0 = Release|Any CPU
		{D8D0C68A-394C-4106-A0E8-033FD16B1050}.Ad-Hoc|x86.ActiveCfg = Release|Any CPU
		{D8D0C68A-394C-4106-A0E8-033FD16B1050}.Ad-Hoc|x86.Build.0 = Release|Any CPU
		{D8D0C68A-394C-4106-A0E8-033FD16B1050}.AppStore|Any CPU.ActiveCfg = Release|Any CPU
		{D8D0C68A-394C-4106-A0E8-033FD16B1050}.AppStore|Any CPU.Build.0 = Release|Any CPU
		{D8D0C68A-394C-4106-A0E8-033FD16B1050}.AppStore|ARM.ActiveCfg = Release|Any CPU
		{D8D0C68A-394C-4106-A0E8-033FD16B1050}.AppStore|ARM.Build.0 = Release|Any CPU
		{D8D0C68A-394C-4106-A0E8-033FD16B1050}.AppStore|iPhone.ActiveCfg = Release|Any CPU
		{D8D0C68A-394C-4106-A0E8-033FD16B1050}.AppStore|iPhone.Build.0 = Release|Any CPU
		{D8D0C68A-394C-4106-A0E8-033FD16B1050}.AppStore|iPhoneSimulator.ActiveCfg = Release|Any CPU
		{D8D0C68A-394C-4106-A0E8-033FD16B1050}.AppStore|iPhoneSimulator.Build.0 = Release|Any CPU
		{D8D0C68A-394C-4106-A0E8-033FD16B1050}.AppStore|x64.ActiveCfg = Release|Any CPU
		{D8D0C68A-394C-4106-A0E8-033FD16B1050}.AppStore|x64.Build.0 = Release|Any CPU
		{D8D0C68A-394C-4106-A0E8-033FD16B1050}.AppStore|x86.ActiveCfg = Release|Any CPU
		{D8D0C68A-394C-4106-A0E8-033FD16B1050}.AppStore|x86.Build.0 = Release|Any CPU
		{D8D0C68A-394C-4106-A0E8-033FD16B1050}.Debug|Any CPU.ActiveCfg = Debug|Any CPU
		{D8D0C68A-394C-4106-A0E8-033FD16B1050}.Debug|Any CPU.Build.0 = Debug|Any CPU
		{D8D0C68A-394C-4106-A0E8-033FD16B1050}.Debug|ARM.ActiveCfg = Debug|Any CPU
		{D8D0C68A-394C-4106-A0E8-033FD16B1050}.Debug|ARM.Build.0 = Debug|Any CPU
		{D8D0C68A-394C-4106-A0E8-033FD16B1050}.Debug|iPhone.ActiveCfg = Debug|Any CPU
		{D8D0C68A-394C-4106-A0E8-033FD16B1050}.Debug|iPhone.Build.0 = Debug|Any CPU
		{D8D0C68A-394C-4106-A0E8-033FD16B1050}.Debug|iPhoneSimulator.ActiveCfg = Debug|Any CPU
		{D8D0C68A-394C-4106-A0E8-033FD16B1050}.Debug|iPhoneSimulator.Build.0 = Debug|Any CPU
		{D8D0C68A-394C-4106-A0E8-033FD16B1050}.Debug|x64.ActiveCfg = Debug|Any CPU
		{D8D0C68A-394C-4106-A0E8-033FD16B1050}.Debug|x64.Build.0 = Debug|Any CPU
		{D8D0C68A-394C-4106-A0E8-033FD16B1050}.Debug|x86.ActiveCfg = Debug|Any CPU
		{D8D0C68A-394C-4106-A0E8-033FD16B1050}.Debug|x86.Build.0 = Debug|Any CPU
		{D8D0C68A-394C-4106-A0E8-033FD16B1050}.Release|Any CPU.ActiveCfg = Release|Any CPU
		{D8D0C68A-394C-4106-A0E8-033FD16B1050}.Release|Any CPU.Build.0 = Release|Any CPU
		{D8D0C68A-394C-4106-A0E8-033FD16B1050}.Release|ARM.ActiveCfg = Release|Any CPU
		{D8D0C68A-394C-4106-A0E8-033FD16B1050}.Release|ARM.Build.0 = Release|Any CPU
		{D8D0C68A-394C-4106-A0E8-033FD16B1050}.Release|iPhone.ActiveCfg = Release|Any CPU
		{D8D0C68A-394C-4106-A0E8-033FD16B1050}.Release|iPhone.Build.0 = Release|Any CPU
		{D8D0C68A-394C-4106-A0E8-033FD16B1050}.Release|iPhoneSimulator.ActiveCfg = Release|Any CPU
		{D8D0C68A-394C-4106-A0E8-033FD16B1050}.Release|iPhoneSimulator.Build.0 = Release|Any CPU
		{D8D0C68A-394C-4106-A0E8-033FD16B1050}.Release|x64.ActiveCfg = Release|Any CPU
		{D8D0C68A-394C-4106-A0E8-033FD16B1050}.Release|x64.Build.0 = Release|Any CPU
		{D8D0C68A-394C-4106-A0E8-033FD16B1050}.Release|x86.ActiveCfg = Release|Any CPU
		{D8D0C68A-394C-4106-A0E8-033FD16B1050}.Release|x86.Build.0 = Release|Any CPU
		{EA886D45-5907-4B9E-A163-1F2565DCEA4D}.Ad-Hoc|Any CPU.ActiveCfg = Release|Any CPU
		{EA886D45-5907-4B9E-A163-1F2565DCEA4D}.Ad-Hoc|Any CPU.Build.0 = Release|Any CPU
		{EA886D45-5907-4B9E-A163-1F2565DCEA4D}.Ad-Hoc|ARM.ActiveCfg = Release|Any CPU
		{EA886D45-5907-4B9E-A163-1F2565DCEA4D}.Ad-Hoc|ARM.Build.0 = Release|Any CPU
		{EA886D45-5907-4B9E-A163-1F2565DCEA4D}.Ad-Hoc|iPhone.ActiveCfg = Release|Any CPU
		{EA886D45-5907-4B9E-A163-1F2565DCEA4D}.Ad-Hoc|iPhone.Build.0 = Release|Any CPU
		{EA886D45-5907-4B9E-A163-1F2565DCEA4D}.Ad-Hoc|iPhoneSimulator.ActiveCfg = Release|Any CPU
		{EA886D45-5907-4B9E-A163-1F2565DCEA4D}.Ad-Hoc|iPhoneSimulator.Build.0 = Release|Any CPU
		{EA886D45-5907-4B9E-A163-1F2565DCEA4D}.Ad-Hoc|x64.ActiveCfg = Release|Any CPU
		{EA886D45-5907-4B9E-A163-1F2565DCEA4D}.Ad-Hoc|x64.Build.0 = Release|Any CPU
		{EA886D45-5907-4B9E-A163-1F2565DCEA4D}.Ad-Hoc|x86.ActiveCfg = Release|Any CPU
		{EA886D45-5907-4B9E-A163-1F2565DCEA4D}.Ad-Hoc|x86.Build.0 = Release|Any CPU
		{EA886D45-5907-4B9E-A163-1F2565DCEA4D}.AppStore|Any CPU.ActiveCfg = Release|Any CPU
		{EA886D45-5907-4B9E-A163-1F2565DCEA4D}.AppStore|Any CPU.Build.0 = Release|Any CPU
		{EA886D45-5907-4B9E-A163-1F2565DCEA4D}.AppStore|ARM.ActiveCfg = Release|Any CPU
		{EA886D45-5907-4B9E-A163-1F2565DCEA4D}.AppStore|ARM.Build.0 = Release|Any CPU
		{EA886D45-5907-4B9E-A163-1F2565DCEA4D}.AppStore|iPhone.ActiveCfg = Release|Any CPU
		{EA886D45-5907-4B9E-A163-1F2565DCEA4D}.AppStore|iPhone.Build.0 = Release|Any CPU
		{EA886D45-5907-4B9E-A163-1F2565DCEA4D}.AppStore|iPhoneSimulator.ActiveCfg = Release|Any CPU
		{EA886D45-5907-4B9E-A163-1F2565DCEA4D}.AppStore|iPhoneSimulator.Build.0 = Release|Any CPU
		{EA886D45-5907-4B9E-A163-1F2565DCEA4D}.AppStore|x64.ActiveCfg = Release|Any CPU
		{EA886D45-5907-4B9E-A163-1F2565DCEA4D}.AppStore|x64.Build.0 = Release|Any CPU
		{EA886D45-5907-4B9E-A163-1F2565DCEA4D}.AppStore|x86.ActiveCfg = Release|Any CPU
		{EA886D45-5907-4B9E-A163-1F2565DCEA4D}.AppStore|x86.Build.0 = Release|Any CPU
		{EA886D45-5907-4B9E-A163-1F2565DCEA4D}.Debug|Any CPU.ActiveCfg = Debug|Any CPU
		{EA886D45-5907-4B9E-A163-1F2565DCEA4D}.Debug|Any CPU.Build.0 = Debug|Any CPU
		{EA886D45-5907-4B9E-A163-1F2565DCEA4D}.Debug|ARM.ActiveCfg = Debug|Any CPU
		{EA886D45-5907-4B9E-A163-1F2565DCEA4D}.Debug|ARM.Build.0 = Debug|Any CPU
		{EA886D45-5907-4B9E-A163-1F2565DCEA4D}.Debug|iPhone.ActiveCfg = Debug|Any CPU
		{EA886D45-5907-4B9E-A163-1F2565DCEA4D}.Debug|iPhone.Build.0 = Debug|Any CPU
		{EA886D45-5907-4B9E-A163-1F2565DCEA4D}.Debug|iPhoneSimulator.ActiveCfg = Debug|Any CPU
		{EA886D45-5907-4B9E-A163-1F2565DCEA4D}.Debug|iPhoneSimulator.Build.0 = Debug|Any CPU
		{EA886D45-5907-4B9E-A163-1F2565DCEA4D}.Debug|x64.ActiveCfg = Debug|Any CPU
		{EA886D45-5907-4B9E-A163-1F2565DCEA4D}.Debug|x64.Build.0 = Debug|Any CPU
		{EA886D45-5907-4B9E-A163-1F2565DCEA4D}.Debug|x86.ActiveCfg = Debug|Any CPU
		{EA886D45-5907-4B9E-A163-1F2565DCEA4D}.Debug|x86.Build.0 = Debug|Any CPU
		{EA886D45-5907-4B9E-A163-1F2565DCEA4D}.Release|Any CPU.ActiveCfg = Release|Any CPU
		{EA886D45-5907-4B9E-A163-1F2565DCEA4D}.Release|Any CPU.Build.0 = Release|Any CPU
		{EA886D45-5907-4B9E-A163-1F2565DCEA4D}.Release|ARM.ActiveCfg = Release|Any CPU
		{EA886D45-5907-4B9E-A163-1F2565DCEA4D}.Release|ARM.Build.0 = Release|Any CPU
		{EA886D45-5907-4B9E-A163-1F2565DCEA4D}.Release|iPhone.ActiveCfg = Release|Any CPU
		{EA886D45-5907-4B9E-A163-1F2565DCEA4D}.Release|iPhone.Build.0 = Release|Any CPU
		{EA886D45-5907-4B9E-A163-1F2565DCEA4D}.Release|iPhoneSimulator.ActiveCfg = Release|Any CPU
		{EA886D45-5907-4B9E-A163-1F2565DCEA4D}.Release|iPhoneSimulator.Build.0 = Release|Any CPU
		{EA886D45-5907-4B9E-A163-1F2565DCEA4D}.Release|x64.ActiveCfg = Release|Any CPU
		{EA886D45-5907-4B9E-A163-1F2565DCEA4D}.Release|x64.Build.0 = Release|Any CPU
		{EA886D45-5907-4B9E-A163-1F2565DCEA4D}.Release|x86.ActiveCfg = Release|Any CPU
		{EA886D45-5907-4B9E-A163-1F2565DCEA4D}.Release|x86.Build.0 = Release|Any CPU
		{334EA2F6-3821-4D3F-91FE-FD95578B14D7}.Ad-Hoc|Any CPU.ActiveCfg = Release|Any CPU
		{334EA2F6-3821-4D3F-91FE-FD95578B14D7}.Ad-Hoc|Any CPU.Build.0 = Release|Any CPU
		{334EA2F6-3821-4D3F-91FE-FD95578B14D7}.Ad-Hoc|ARM.ActiveCfg = Release|Any CPU
		{334EA2F6-3821-4D3F-91FE-FD95578B14D7}.Ad-Hoc|ARM.Build.0 = Release|Any CPU
		{334EA2F6-3821-4D3F-91FE-FD95578B14D7}.Ad-Hoc|iPhone.ActiveCfg = Release|Any CPU
		{334EA2F6-3821-4D3F-91FE-FD95578B14D7}.Ad-Hoc|iPhone.Build.0 = Release|Any CPU
		{334EA2F6-3821-4D3F-91FE-FD95578B14D7}.Ad-Hoc|iPhoneSimulator.ActiveCfg = Release|Any CPU
		{334EA2F6-3821-4D3F-91FE-FD95578B14D7}.Ad-Hoc|iPhoneSimulator.Build.0 = Release|Any CPU
		{334EA2F6-3821-4D3F-91FE-FD95578B14D7}.Ad-Hoc|x64.ActiveCfg = Release|Any CPU
		{334EA2F6-3821-4D3F-91FE-FD95578B14D7}.Ad-Hoc|x64.Build.0 = Release|Any CPU
		{334EA2F6-3821-4D3F-91FE-FD95578B14D7}.Ad-Hoc|x86.ActiveCfg = Release|Any CPU
		{334EA2F6-3821-4D3F-91FE-FD95578B14D7}.Ad-Hoc|x86.Build.0 = Release|Any CPU
		{334EA2F6-3821-4D3F-91FE-FD95578B14D7}.AppStore|Any CPU.ActiveCfg = Release|Any CPU
		{334EA2F6-3821-4D3F-91FE-FD95578B14D7}.AppStore|Any CPU.Build.0 = Release|Any CPU
		{334EA2F6-3821-4D3F-91FE-FD95578B14D7}.AppStore|ARM.ActiveCfg = Release|Any CPU
		{334EA2F6-3821-4D3F-91FE-FD95578B14D7}.AppStore|ARM.Build.0 = Release|Any CPU
		{334EA2F6-3821-4D3F-91FE-FD95578B14D7}.AppStore|iPhone.ActiveCfg = Release|Any CPU
		{334EA2F6-3821-4D3F-91FE-FD95578B14D7}.AppStore|iPhone.Build.0 = Release|Any CPU
		{334EA2F6-3821-4D3F-91FE-FD95578B14D7}.AppStore|iPhoneSimulator.ActiveCfg = Release|Any CPU
		{334EA2F6-3821-4D3F-91FE-FD95578B14D7}.AppStore|iPhoneSimulator.Build.0 = Release|Any CPU
		{334EA2F6-3821-4D3F-91FE-FD95578B14D7}.AppStore|x64.ActiveCfg = Release|Any CPU
		{334EA2F6-3821-4D3F-91FE-FD95578B14D7}.AppStore|x64.Build.0 = Release|Any CPU
		{334EA2F6-3821-4D3F-91FE-FD95578B14D7}.AppStore|x86.ActiveCfg = Release|Any CPU
		{334EA2F6-3821-4D3F-91FE-FD95578B14D7}.AppStore|x86.Build.0 = Release|Any CPU
		{334EA2F6-3821-4D3F-91FE-FD95578B14D7}.Debug|Any CPU.ActiveCfg = Debug|Any CPU
		{334EA2F6-3821-4D3F-91FE-FD95578B14D7}.Debug|Any CPU.Build.0 = Debug|Any CPU
		{334EA2F6-3821-4D3F-91FE-FD95578B14D7}.Debug|ARM.ActiveCfg = Debug|Any CPU
		{334EA2F6-3821-4D3F-91FE-FD95578B14D7}.Debug|ARM.Build.0 = Debug|Any CPU
		{334EA2F6-3821-4D3F-91FE-FD95578B14D7}.Debug|iPhone.ActiveCfg = Debug|Any CPU
		{334EA2F6-3821-4D3F-91FE-FD95578B14D7}.Debug|iPhone.Build.0 = Debug|Any CPU
		{334EA2F6-3821-4D3F-91FE-FD95578B14D7}.Debug|iPhoneSimulator.ActiveCfg = Debug|Any CPU
		{334EA2F6-3821-4D3F-91FE-FD95578B14D7}.Debug|iPhoneSimulator.Build.0 = Debug|Any CPU
		{334EA2F6-3821-4D3F-91FE-FD95578B14D7}.Debug|x64.ActiveCfg = Debug|Any CPU
		{334EA2F6-3821-4D3F-91FE-FD95578B14D7}.Debug|x64.Build.0 = Debug|Any CPU
		{334EA2F6-3821-4D3F-91FE-FD95578B14D7}.Debug|x86.ActiveCfg = Debug|Any CPU
		{334EA2F6-3821-4D3F-91FE-FD95578B14D7}.Debug|x86.Build.0 = Debug|Any CPU
		{334EA2F6-3821-4D3F-91FE-FD95578B14D7}.Release|Any CPU.ActiveCfg = Release|Any CPU
		{334EA2F6-3821-4D3F-91FE-FD95578B14D7}.Release|Any CPU.Build.0 = Release|Any CPU
		{334EA2F6-3821-4D3F-91FE-FD95578B14D7}.Release|ARM.ActiveCfg = Release|Any CPU
		{334EA2F6-3821-4D3F-91FE-FD95578B14D7}.Release|ARM.Build.0 = Release|Any CPU
		{334EA2F6-3821-4D3F-91FE-FD95578B14D7}.Release|iPhone.ActiveCfg = Release|Any CPU
		{334EA2F6-3821-4D3F-91FE-FD95578B14D7}.Release|iPhone.Build.0 = Release|Any CPU
		{334EA2F6-3821-4D3F-91FE-FD95578B14D7}.Release|iPhoneSimulator.ActiveCfg = Release|Any CPU
		{334EA2F6-3821-4D3F-91FE-FD95578B14D7}.Release|iPhoneSimulator.Build.0 = Release|Any CPU
		{334EA2F6-3821-4D3F-91FE-FD95578B14D7}.Release|x64.ActiveCfg = Release|Any CPU
		{334EA2F6-3821-4D3F-91FE-FD95578B14D7}.Release|x64.Build.0 = Release|Any CPU
		{334EA2F6-3821-4D3F-91FE-FD95578B14D7}.Release|x86.ActiveCfg = Release|Any CPU
		{334EA2F6-3821-4D3F-91FE-FD95578B14D7}.Release|x86.Build.0 = Release|Any CPU
		{F0AAD3C1-6CB5-4C46-BEE2-2B69FB31AE5B}.Ad-Hoc|Any CPU.ActiveCfg = Release|Any CPU
		{F0AAD3C1-6CB5-4C46-BEE2-2B69FB31AE5B}.Ad-Hoc|Any CPU.Build.0 = Release|Any CPU
		{F0AAD3C1-6CB5-4C46-BEE2-2B69FB31AE5B}.Ad-Hoc|ARM.ActiveCfg = Release|Any CPU
		{F0AAD3C1-6CB5-4C46-BEE2-2B69FB31AE5B}.Ad-Hoc|ARM.Build.0 = Release|Any CPU
		{F0AAD3C1-6CB5-4C46-BEE2-2B69FB31AE5B}.Ad-Hoc|iPhone.ActiveCfg = Release|Any CPU
		{F0AAD3C1-6CB5-4C46-BEE2-2B69FB31AE5B}.Ad-Hoc|iPhone.Build.0 = Release|Any CPU
		{F0AAD3C1-6CB5-4C46-BEE2-2B69FB31AE5B}.Ad-Hoc|iPhoneSimulator.ActiveCfg = Release|Any CPU
		{F0AAD3C1-6CB5-4C46-BEE2-2B69FB31AE5B}.Ad-Hoc|iPhoneSimulator.Build.0 = Release|Any CPU
		{F0AAD3C1-6CB5-4C46-BEE2-2B69FB31AE5B}.Ad-Hoc|x64.ActiveCfg = Release|Any CPU
		{F0AAD3C1-6CB5-4C46-BEE2-2B69FB31AE5B}.Ad-Hoc|x64.Build.0 = Release|Any CPU
		{F0AAD3C1-6CB5-4C46-BEE2-2B69FB31AE5B}.Ad-Hoc|x86.ActiveCfg = Release|Any CPU
		{F0AAD3C1-6CB5-4C46-BEE2-2B69FB31AE5B}.Ad-Hoc|x86.Build.0 = Release|Any CPU
		{F0AAD3C1-6CB5-4C46-BEE2-2B69FB31AE5B}.AppStore|Any CPU.ActiveCfg = Release|Any CPU
		{F0AAD3C1-6CB5-4C46-BEE2-2B69FB31AE5B}.AppStore|Any CPU.Build.0 = Release|Any CPU
		{F0AAD3C1-6CB5-4C46-BEE2-2B69FB31AE5B}.AppStore|ARM.ActiveCfg = Release|Any CPU
		{F0AAD3C1-6CB5-4C46-BEE2-2B69FB31AE5B}.AppStore|ARM.Build.0 = Release|Any CPU
		{F0AAD3C1-6CB5-4C46-BEE2-2B69FB31AE5B}.AppStore|iPhone.ActiveCfg = Release|Any CPU
		{F0AAD3C1-6CB5-4C46-BEE2-2B69FB31AE5B}.AppStore|iPhone.Build.0 = Release|Any CPU
		{F0AAD3C1-6CB5-4C46-BEE2-2B69FB31AE5B}.AppStore|iPhoneSimulator.ActiveCfg = Release|Any CPU
		{F0AAD3C1-6CB5-4C46-BEE2-2B69FB31AE5B}.AppStore|iPhoneSimulator.Build.0 = Release|Any CPU
		{F0AAD3C1-6CB5-4C46-BEE2-2B69FB31AE5B}.AppStore|x64.ActiveCfg = Release|Any CPU
		{F0AAD3C1-6CB5-4C46-BEE2-2B69FB31AE5B}.AppStore|x64.Build.0 = Release|Any CPU
		{F0AAD3C1-6CB5-4C46-BEE2-2B69FB31AE5B}.AppStore|x86.ActiveCfg = Release|Any CPU
		{F0AAD3C1-6CB5-4C46-BEE2-2B69FB31AE5B}.AppStore|x86.Build.0 = Release|Any CPU
		{F0AAD3C1-6CB5-4C46-BEE2-2B69FB31AE5B}.Debug|Any CPU.ActiveCfg = Debug|Any CPU
		{F0AAD3C1-6CB5-4C46-BEE2-2B69FB31AE5B}.Debug|Any CPU.Build.0 = Debug|Any CPU
		{F0AAD3C1-6CB5-4C46-BEE2-2B69FB31AE5B}.Debug|ARM.ActiveCfg = Debug|Any CPU
		{F0AAD3C1-6CB5-4C46-BEE2-2B69FB31AE5B}.Debug|ARM.Build.0 = Debug|Any CPU
		{F0AAD3C1-6CB5-4C46-BEE2-2B69FB31AE5B}.Debug|iPhone.ActiveCfg = Debug|Any CPU
		{F0AAD3C1-6CB5-4C46-BEE2-2B69FB31AE5B}.Debug|iPhone.Build.0 = Debug|Any CPU
		{F0AAD3C1-6CB5-4C46-BEE2-2B69FB31AE5B}.Debug|iPhoneSimulator.ActiveCfg = Debug|Any CPU
		{F0AAD3C1-6CB5-4C46-BEE2-2B69FB31AE5B}.Debug|iPhoneSimulator.Build.0 = Debug|Any CPU
		{F0AAD3C1-6CB5-4C46-BEE2-2B69FB31AE5B}.Debug|x64.ActiveCfg = Debug|Any CPU
		{F0AAD3C1-6CB5-4C46-BEE2-2B69FB31AE5B}.Debug|x64.Build.0 = Debug|Any CPU
		{F0AAD3C1-6CB5-4C46-BEE2-2B69FB31AE5B}.Debug|x86.ActiveCfg = Debug|Any CPU
		{F0AAD3C1-6CB5-4C46-BEE2-2B69FB31AE5B}.Debug|x86.Build.0 = Debug|Any CPU
		{F0AAD3C1-6CB5-4C46-BEE2-2B69FB31AE5B}.Release|Any CPU.ActiveCfg = Release|Any CPU
		{F0AAD3C1-6CB5-4C46-BEE2-2B69FB31AE5B}.Release|Any CPU.Build.0 = Release|Any CPU
		{F0AAD3C1-6CB5-4C46-BEE2-2B69FB31AE5B}.Release|ARM.ActiveCfg = Release|Any CPU
		{F0AAD3C1-6CB5-4C46-BEE2-2B69FB31AE5B}.Release|ARM.Build.0 = Release|Any CPU
		{F0AAD3C1-6CB5-4C46-BEE2-2B69FB31AE5B}.Release|iPhone.ActiveCfg = Release|Any CPU
		{F0AAD3C1-6CB5-4C46-BEE2-2B69FB31AE5B}.Release|iPhone.Build.0 = Release|Any CPU
		{F0AAD3C1-6CB5-4C46-BEE2-2B69FB31AE5B}.Release|iPhoneSimulator.ActiveCfg = Release|Any CPU
		{F0AAD3C1-6CB5-4C46-BEE2-2B69FB31AE5B}.Release|iPhoneSimulator.Build.0 = Release|Any CPU
		{F0AAD3C1-6CB5-4C46-BEE2-2B69FB31AE5B}.Release|x64.ActiveCfg = Release|Any CPU
		{F0AAD3C1-6CB5-4C46-BEE2-2B69FB31AE5B}.Release|x64.Build.0 = Release|Any CPU
		{F0AAD3C1-6CB5-4C46-BEE2-2B69FB31AE5B}.Release|x86.ActiveCfg = Release|Any CPU
		{F0AAD3C1-6CB5-4C46-BEE2-2B69FB31AE5B}.Release|x86.Build.0 = Release|Any CPU
	EndGlobalSection
	GlobalSection(SolutionProperties) = preSolution
		HideSolutionNode = FALSE
	EndGlobalSection
	GlobalSection(ExtensibilityGlobals) = postSolution
		SolutionGuid = {BA4855D8-DA25-4BA6-A734-234C2F73FD3F}
	EndGlobalSection
EndGlobal
